{
  "name": "peer_detector",
  "lockfileVersion": 2,
  "requires": true,
  "packages": {
    "": {
      "devDependencies": {
        "browser-detection.js": "^1.0.2"
      }
    },
    "node_modules/browser-detection.js": {
      "version": "1.0.2",
      "resolved": "https://registry.npmjs.org/browser-detection.js/-/browser-detection.js-1.0.2.tgz",
      "integrity": "sha512-sDK1zg9kufwtwvTOe6rB27/eFIgMW9dnJMXmX796bvBV8xwLHrMstWEPKSpXR01TgRR0O3WbhL/Ek/yCIXwkAw==",
      "dev": true,
      "engines": {
        "node": ">=12.0.0"
      }
    }
  },
  "dependencies": {
    "browser-detection.js": {
      "version": "1.0.2",
      "resolved": "https://registry.npmjs.org/browser-detection.js/-/browser-detection.js-1.0.2.tgz",
      "integrity": "sha512-sDK1zg9kufwtwvTOe6rB27/eFIgMW9dnJMXmX796bvBV8xwLHrMstWEPKSpXR01TgRR0O3WbhL/Ek/yCIXwkAw==",
      "dev": true
    }
  }
}
